
Microsoft Visual Studio Solution File, Format Version 12.00
# Visual Studio Version 16
VisualStudioVersion = 16.0.30114.105
MinimumVisualStudioVersion = 10.0.40219.1
Project("{9A19103F-16F7-4668-BE54-9A1E7A4F7556}") = "API", "API\API.csproj", "{36C04133-9EB8-44E2-8F0E-C5661CF4AE7D}"
EndProject
Project("{9A19103F-16F7-4668-BE54-9A1E7A4F7556}") = "Core", "Core\Core.csproj", "{BA1296F0-549B-4764-9A81-EDBF42A502BF}"
EndProject
Project("{FAE04EC0-301F-11D3-BF4B-00C04F79EFBC}") = "Infrastructure", "Infrastructure\Infrastructure.csproj", "{1285F380-5B8C-4DD8-89CB-AF5A34A942AE}"
EndProject
Global
	GlobalSection(SolutionConfigurationPlatforms) = preSolution
		Debug|Any CPU = Debug|Any CPU
		Debug|x64 = Debug|x64
		Debug|x86 = Debug|x86
		Release|Any CPU = Release|Any CPU
		Release|x64 = Release|x64
		Release|x86 = Release|x86
	EndGlobalSection
	GlobalSection(ProjectConfigurationPlatforms) = postSolution
		{36C04133-9EB8-44E2-8F0E-C5661CF4AE7D}.Debug|Any CPU.ActiveCfg = Debug|Any CPU
		{36C04133-9EB8-44E2-8F0E-C5661CF4AE7D}.Debug|Any CPU.Build.0 = Debug|Any CPU
		{36C04133-9EB8-44E2-8F0E-C5661CF4AE7D}.Debug|x64.ActiveCfg = Debug|Any CPU
		{36C04133-9EB8-44E2-8F0E-C5661CF4AE7D}.Debug|x64.Build.0 = Debug|Any CPU
		{36C04133-9EB8-44E2-8F0E-C5661CF4AE7D}.Debug|x86.ActiveCfg = Debug|Any CPU
		{36C04133-9EB8-44E2-8F0E-C5661CF4AE7D}.Debug|x86.Build.0 = Debug|Any CPU
		{36C04133-9EB8-44E2-8F0E-C5661CF4AE7D}.Release|Any CPU.ActiveCfg = Release|Any CPU
		{36C04133-9EB8-44E2-8F0E-C5661CF4AE7D}.Release|Any CPU.Build.0 = Release|Any CPU
		{36C04133-9EB8-44E2-8F0E-C5661CF4AE7D}.Release|x64.ActiveCfg = Release|Any CPU
		{36C04133-9EB8-44E2-8F0E-C5661CF4AE7D}.Release|x64.Build.0 = Release|Any CPU
		{36C04133-9EB8-44E2-8F0E-C5661CF4AE7D}.Release|x86.ActiveCfg = Release|Any CPU
		{36C04133-9EB8-44E2-8F0E-C5661CF4AE7D}.Release|x86.Build.0 = Release|Any CPU
		{BA1296F0-549B-4764-9A81-EDBF42A502BF}.Debug|Any CPU.ActiveCfg = Debug|Any CPU
		{BA1296F0-549B-4764-9A81-EDBF42A502BF}.Debug|Any CPU.Build.0 = Debug|Any CPU
		{BA1296F0-549B-4764-9A81-EDBF42A502BF}.Debug|x64.ActiveCfg = Debug|Any CPU
		{BA1296F0-549B-4764-9A81-EDBF42A502BF}.Debug|x64.Build.0 = Debug|Any CPU
		{BA1296F0-549B-4764-9A81-EDBF42A502BF}.Debug|x86.ActiveCfg = Debug|Any CPU
		{BA1296F0-549B-4764-9A81-EDBF42A502BF}.Debug|x86.Build.0 = Debug|Any CPU
		{BA1296F0-549B-4764-9A81-EDBF42A502BF}.Release|Any CPU.ActiveCfg = Release|Any CPU
		{BA1296F0-549B-4764-9A81-EDBF42A502BF}.Release|Any CPU.Build.0 = Release|Any CPU
		{BA1296F0-549B-4764-9A81-EDBF42A502BF}.Release|x64.ActiveCfg = Release|Any CPU
		{BA1296F0-549B-4764-9A81-EDBF42A502BF}.Release|x64.Build.0 = Release|Any CPU
		{BA1296F0-549B-4764-9A81-EDBF42A502BF}.Release|x86.ActiveCfg = Release|Any CPU
		{BA1296F0-549B-4764-9A81-EDBF42A502BF}.Release|x86.Build.0 = Release|Any CPU
		{1285F380-5B8C-4DD8-89CB-AF5A34A942AE}.Debug|Any CPU.ActiveCfg = Debug|Any CPU
		{1285F380-5B8C-4DD8-89CB-AF5A34A942AE}.Debug|Any CPU.Build.0 = Debug|Any CPU
		{1285F380-5B8C-4DD8-89CB-AF5A34A942AE}.Debug|x64.ActiveCfg = Debug|Any CPU
		{1285F380-5B8C-4DD8-89CB-AF5A34A942AE}.Debug|x64.Build.0 = Debug|Any CPU
		{1285F380-5B8C-4DD8-89CB-AF5A34A942AE}.Debug|x86.ActiveCfg = Debug|Any CPU
		{1285F380-5B8C-4DD8-89CB-AF5A34A942AE}.Debug|x86.Build.0 = Debug|Any CPU
		{1285F380-5B8C-4DD8-89CB-AF5A34A942AE}.Release|Any CPU.ActiveCfg = Release|Any CPU
		{1285F380-5B8C-4DD8-89CB-AF5A34A942AE}.Release|Any CPU.Build.0 = Release|Any CPU
		{1285F380-5B8C-4DD8-89CB-AF5A34A942AE}.Release|x64.ActiveCfg = Release|Any CPU
		{1285F380-5B8C-4DD8-89CB-AF5A34A942AE}.Release|x64.Build.0 = Release|Any CPU
		{1285F380-5B8C-4DD8-89CB-AF5A34A942AE}.Release|x86.ActiveCfg = Release|Any CPU
		{1285F380-5B8C-4DD8-89CB-AF5A34A942AE}.Release|x86.Build.0 = Release|Any CPU
	EndGlobalSection
	GlobalSection(SolutionProperties) = preSolution
		HideSolutionNode = FALSE
	EndGlobalSection
	GlobalSection(ExtensibilityGlobals) = postSolution
		SolutionGuid = {C1815AC3-8B37-4765-A473-C4FD87FCC0FF}
	EndGlobalSection
EndGlobal
